
Microsoft Visual Studio Solution File, Format Version 12.00
# Visual Studio Version 17
VisualStudioVersion = 17.11.35222.181
MinimumVisualStudioVersion = 10.0.40219.1
Project("{FAE04EC0-301F-11D3-BF4B-00C04F79EFBC}") = "BlazorApp", "BlazorApp\BlazorApp.csproj", "{FD4DB603-2FC8-4409-86EE-8944A8E47F5C}"
EndProject
Global
	GlobalSection(SolutionConfigurationPlatforms) = preSolution
		Debug|Any CPU = Debug|Any CPU
		Release|Any CPU = Release|Any CPU
	EndGlobalSection
	GlobalSection(ProjectConfigurationPlatforms) = postSolution
		{FD4DB603-2FC8-4409-86EE-8944A8E47F5C}.Debug|Any CPU.ActiveCfg = Debug|Any CPU
		{FD4DB603-2FC8-4409-86EE-8944A8E47F5C}.Debug|Any CPU.Build.0 = Debug|Any CPU
		{FD4DB603-2FC8-4409-86EE-8944A8E47F5C}.Release|Any CPU.ActiveCfg = Release|Any CPU
		{FD4DB603-2FC8-4409-86EE-8944A8E47F5C}.Release|Any CPU.Build.0 = Release|Any CPU
	EndGlobalSection
	GlobalSection(SolutionProperties) = preSolution
		HideSolutionNode = FALSE
	EndGlobalSection
	GlobalSection(ExtensibilityGlobals) = postSolution
		SolutionGuid = {6A267C88-E0C0-4DEA-9CB0-025CDBD0FA3E}
	EndGlobalSection
EndGlobal
