
Microsoft Visual Studio Solution File, Format Version 12.00
# Visual Studio Version 17
VisualStudioVersion = 17.11.35222.181
MinimumVisualStudioVersion = 10.0.40219.1
Project("{9A19103F-16F7-4668-BE54-9A1E7A4F7556}") = "BlazingPizza", "BlazingPizza.csproj", "{332BC54A-2F2C-48D2-8838-8DA2487BBCBC}"
EndProject
Global
	GlobalSection(SolutionConfigurationPlatforms) = preSolution
		Debug|Any CPU = Debug|Any CPU
		Release|Any CPU = Release|Any CPU
	EndGlobalSection
	GlobalSection(ProjectConfigurationPlatforms) = postSolution
		{332BC54A-2F2C-48D2-8838-8DA2487BBCBC}.Debug|Any CPU.ActiveCfg = Debug|Any CPU
		{332BC54A-2F2C-48D2-8838-8DA2487BBCBC}.Debug|Any CPU.Build.0 = Debug|Any CPU
		{332BC54A-2F2C-48D2-8838-8DA2487BBCBC}.Release|Any CPU.ActiveCfg = Release|Any CPU
		{332BC54A-2F2C-48D2-8838-8DA2487BBCBC}.Release|Any CPU.Build.0 = Release|Any CPU
	EndGlobalSection
	GlobalSection(SolutionProperties) = preSolution
		HideSolutionNode = FALSE
	EndGlobalSection
	GlobalSection(ExtensibilityGlobals) = postSolution
		SolutionGuid = {8C7D82E8-AADB-4744-8C96-856C701D3799}
	EndGlobalSection
EndGlobal
